
Microsoft Visual Studio Solution File, Format Version 12.00
# Visual Studio Version 17
VisualStudioVersion = 17.9.34616.47
MinimumVisualStudioVersion = 10.0.40219.1
Project("{FAE04EC0-301F-11D3-BF4B-00C04F79EFBC}") = "0.Template_NET_Framework.Common", "0.Template_NET_Framework.Common\0.Template_NET_Framework.Common.csproj", "{219841DB-BEFE-434D-B979-929F9CDAFD50}"
EndProject
Project("{FAE04EC0-301F-11D3-BF4B-00C04F79EFBC}") = "2.Template_NET_Framework.Services", "2.Template_NET_Framework.Services\2.Template_NET_Framework.Services.csproj", "{1694D29E-0562-4D2A-B217-1F8DDC7B0472}"
EndProject
Project("{FAE04EC0-301F-11D3-BF4B-00C04F79EFBC}") = "3.Template_NET_Framework.Repositories", "3.Template_NET_Framework.Repositories\3.Template_NET_Framework.Repositories.csproj", "{1F15BB13-C637-41B4-94EE-BC3B1B45443C}"
EndProject
Project("{FAE04EC0-301F-11D3-BF4B-00C04F79EFBC}") = "1.Template_NET_Framework.Application", "1.Template_NET_Framework.Application\1.Template_NET_Framework.Application.csproj", "{5AF44C66-711B-4BD1-A169-128C2AB4515E}"
EndProject
Project("{FAE04EC0-301F-11D3-BF4B-00C04F79EFBC}") = "4.Template_NET_Framework.Tests", "4.Template_NET_Framework.Tests\4.Template_NET_Framework.Tests.csproj", "{496E627D-98BB-447B-8749-E91BEBFA4C21}"
EndProject
Global
	GlobalSection(SolutionConfigurationPlatforms) = preSolution
		Debug|Any CPU = Debug|Any CPU
		Release|Any CPU = Release|Any CPU
	EndGlobalSection
	GlobalSection(ProjectConfigurationPlatforms) = postSolution
		{219841DB-BEFE-434D-B979-929F9CDAFD50}.Debug|Any CPU.ActiveCfg = Debug|Any CPU
		{219841DB-BEFE-434D-B979-929F9CDAFD50}.Debug|Any CPU.Build.0 = Debug|Any CPU
		{219841DB-BEFE-434D-B979-929F9CDAFD50}.Release|Any CPU.ActiveCfg = Release|Any CPU
		{219841DB-BEFE-434D-B979-929F9CDAFD50}.Release|Any CPU.Build.0 = Release|Any CPU
		{1694D29E-0562-4D2A-B217-1F8DDC7B0472}.Debug|Any CPU.ActiveCfg = Debug|Any CPU
		{1694D29E-0562-4D2A-B217-1F8DDC7B0472}.Debug|Any CPU.Build.0 = Debug|Any CPU
		{1694D29E-0562-4D2A-B217-1F8DDC7B0472}.Release|Any CPU.ActiveCfg = Release|Any CPU
		{1694D29E-0562-4D2A-B217-1F8DDC7B0472}.Release|Any CPU.Build.0 = Release|Any CPU
		{1F15BB13-C637-41B4-94EE-BC3B1B45443C}.Debug|Any CPU.ActiveCfg = Debug|Any CPU
		{1F15BB13-C637-41B4-94EE-BC3B1B45443C}.Debug|Any CPU.Build.0 = Debug|Any CPU
		{1F15BB13-C637-41B4-94EE-BC3B1B45443C}.Release|Any CPU.ActiveCfg = Release|Any CPU
		{1F15BB13-C637-41B4-94EE-BC3B1B45443C}.Release|Any CPU.Build.0 = Release|Any CPU
		{5AF44C66-711B-4BD1-A169-128C2AB4515E}.Debug|Any CPU.ActiveCfg = Debug|Any CPU
		{5AF44C66-711B-4BD1-A169-128C2AB4515E}.Debug|Any CPU.Build.0 = Debug|Any CPU
		{5AF44C66-711B-4BD1-A169-128C2AB4515E}.Release|Any CPU.ActiveCfg = Release|Any CPU
		{5AF44C66-711B-4BD1-A169-128C2AB4515E}.Release|Any CPU.Build.0 = Release|Any CPU
		{496E627D-98BB-447B-8749-E91BEBFA4C21}.Debug|Any CPU.ActiveCfg = Debug|Any CPU
		{496E627D-98BB-447B-8749-E91BEBFA4C21}.Debug|Any CPU.Build.0 = Debug|Any CPU
		{496E627D-98BB-447B-8749-E91BEBFA4C21}.Release|Any CPU.ActiveCfg = Release|Any CPU
		{496E627D-98BB-447B-8749-E91BEBFA4C21}.Release|Any CPU.Build.0 = Release|Any CPU
	EndGlobalSection
	GlobalSection(SolutionProperties) = preSolution
		HideSolutionNode = FALSE
	EndGlobalSection
	GlobalSection(ExtensibilityGlobals) = postSolution
		SolutionGuid = {C18F6D19-9376-424D-A63B-667199E60D77}
	EndGlobalSection
EndGlobal
